// !$*UTF8*$!
{
	archiveVersion = 1;
	classes = {
	};
	objectVersion = 48;
	objects = {

/* Begin PBXBuildFile section */
		120B6F09B92C3437D6B4772D /* Pods_DataSharkUITests.framework in Frameworks */ = {isa = PBXBuildFile; fileRef = 383E1DC14F004680CF472C83 /* Pods_DataSharkUITests.framework */; };
		179A46C161F90F95A8A2F3A9 /* Pods_DataSharkTests.framework in Frameworks */ = {isa = PBXBuildFile; fileRef = D55DC1BA8EC7BF20D306155E /* Pods_DataSharkTests.framework */; };
		2F59564401389A9C2AB37910 /* Pods_DataShark.framework in Frameworks */ = {isa = PBXBuildFile; fileRef = 1B1D133482EBE9370A11E8D0 /* Pods_DataShark.framework */; };
		FB01BAB21FF2EC5400F257DA /* SearchViewController.swift in Sources */ = {isa = PBXBuildFile; fileRef = FB01BAB11FF2EC5400F257DA /* SearchViewController.swift */; };
		FB01BAB41FF2FE1200F257DA /* ServiceViewController.swift in Sources */ = {isa = PBXBuildFile; fileRef = FB01BAB31FF2FE1200F257DA /* ServiceViewController.swift */; };
		FB0376551FF32A1E007374D1 /* AuthViewController.swift in Sources */ = {isa = PBXBuildFile; fileRef = FB0376541FF32A1E007374D1 /* AuthViewController.swift */; };
		FB84B07D1FEEFE7A0092131E /* AppDelegate.swift in Sources */ = {isa = PBXBuildFile; fileRef = FB84B07C1FEEFE7A0092131E /* AppDelegate.swift */; };
		FB84B0821FEEFE7A0092131E /* Main.storyboard in Resources */ = {isa = PBXBuildFile; fileRef = FB84B0801FEEFE7A0092131E /* Main.storyboard */; };
		FB84B0851FEEFE7A0092131E /* DataShark.xcdatamodeld in Sources */ = {isa = PBXBuildFile; fileRef = FB84B0831FEEFE7A0092131E /* DataShark.xcdatamodeld */; };
		FB84B0871FEEFE7A0092131E /* Assets.xcassets in Resources */ = {isa = PBXBuildFile; fileRef = FB84B0861FEEFE7A0092131E /* Assets.xcassets */; };
		FB84B08A1FEEFE7A0092131E /* LaunchScreen.storyboard in Resources */ = {isa = PBXBuildFile; fileRef = FB84B0881FEEFE7A0092131E /* LaunchScreen.storyboard */; };
		FB84B0951FEEFE7A0092131E /* DataSharkTests.swift in Sources */ = {isa = PBXBuildFile; fileRef = FB84B0941FEEFE7A0092131E /* DataSharkTests.swift */; };
		FB84B0A01FEEFE7A0092131E /* DataSharkUITests.swift in Sources */ = {isa = PBXBuildFile; fileRef = FB84B09F1FEEFE7A0092131E /* DataSharkUITests.swift */; };
		FB84B0AF1FEEFF650092131E /* LocalAuthentication.framework in Frameworks */ = {isa = PBXBuildFile; fileRef = FB84B0AE1FEEFF650092131E /* LocalAuthentication.framework */; };
		FBD941311FF05BEC00C83016 /* LoginViewController.swift in Sources */ = {isa = PBXBuildFile; fileRef = FBD941301FF05BEC00C83016 /* LoginViewController.swift */; };
		FBD941331FF066E100C83016 /* RoundCorners.swift in Sources */ = {isa = PBXBuildFile; fileRef = FBD941321FF066E100C83016 /* RoundCorners.swift */; };
		FBD941361FF091BF00C83016 /* MainViewController.swift in Sources */ = {isa = PBXBuildFile; fileRef = FBD941351FF091BF00C83016 /* MainViewController.swift */; };
		FBD941471FF0968100C83016 /* Nunito-BoldItalic.ttf in Resources */ = {isa = PBXBuildFile; fileRef = FBD941391FF0967F00C83016 /* Nunito-BoldItalic.ttf */; };
		FBD941481FF0968100C83016 /* Nunito-BlackItalic.ttf in Resources */ = {isa = PBXBuildFile; fileRef = FBD9413A1FF0967F00C83016 /* Nunito-BlackItalic.ttf */; };
		FBD941491FF0968100C83016 /* Nunito-Bold.ttf in Resources */ = {isa = PBXBuildFile; fileRef = FBD9413B1FF0967F00C83016 /* Nunito-Bold.ttf */; };
		FBD9414A1FF0968100C83016 /* Nunito-SemiBoldItalic.ttf in Resources */ = {isa = PBXBuildFile; fileRef = FBD9413C1FF0967F00C83016 /* Nunito-SemiBoldItalic.ttf */; };
		FBD9414B1FF0968100C83016 /* Nunito-Light.ttf in Resources */ = {isa = PBXBuildFile; fileRef = FBD9413D1FF0968000C83016 /* Nunito-Light.ttf */; };
		FBD9414C1FF0968100C83016 /* Nunito-LightItalic.ttf in Resources */ = {isa = PBXBuildFile; fileRef = FBD9413E1FF0968000C83016 /* Nunito-LightItalic.ttf */; };
		FBD9414D1FF0968100C83016 /* Nunito-Italic.ttf in Resources */ = {isa = PBXBuildFile; fileRef = FBD9413F1FF0968000C83016 /* Nunito-Italic.ttf */; };
		FBD9414E1FF0968100C83016 /* Nunito-Black.ttf in Resources */ = {isa = PBXBuildFile; fileRef = FBD941401FF0968000C83016 /* Nunito-Black.ttf */; };
		FBD9414F1FF0968100C83016 /* Nunito-SemiBold.ttf in Resources */ = {isa = PBXBuildFile; fileRef = FBD941411FF0968000C83016 /* Nunito-SemiBold.ttf */; };
		FBD941501FF0968100C83016 /* Nunito-ExtraBold.ttf in Resources */ = {isa = PBXBuildFile; fileRef = FBD941421FF0968000C83016 /* Nunito-ExtraBold.ttf */; };
		FBD941511FF0968100C83016 /* Nunito-ExtraLightItalic.ttf in Resources */ = {isa = PBXBuildFile; fileRef = FBD941431FF0968100C83016 /* Nunito-ExtraLightItalic.ttf */; };
		FBD941521FF0968100C83016 /* Nunito-Regular.ttf in Resources */ = {isa = PBXBuildFile; fileRef = FBD941441FF0968100C83016 /* Nunito-Regular.ttf */; };
		FBD941531FF0968100C83016 /* Nunito-ExtraBoldItalic.ttf in Resources */ = {isa = PBXBuildFile; fileRef = FBD941451FF0968100C83016 /* Nunito-ExtraBoldItalic.ttf */; };
		FBD941541FF0968100C83016 /* Nunito-ExtraLight.ttf in Resources */ = {isa = PBXBuildFile; fileRef = FBD941461FF0968100C83016 /* Nunito-ExtraLight.ttf */; };
/* End PBXBuildFile section */

/* Begin PBXContainerItemProxy section */
		FB84B0911FEEFE7A0092131E /* PBXContainerItemProxy */ = {
			isa = PBXContainerItemProxy;
			containerPortal = FB84B0711FEEFE7A0092131E /* Project object */;
			proxyType = 1;
			remoteGlobalIDString = FB84B0781FEEFE7A0092131E;
			remoteInfo = DataShark;
		};
		FB84B09C1FEEFE7A0092131E /* PBXContainerItemProxy */ = {
			isa = PBXContainerItemProxy;
			containerPortal = FB84B0711FEEFE7A0092131E /* Project object */;
			proxyType = 1;
			remoteGlobalIDString = FB84B0781FEEFE7A0092131E;
			remoteInfo = DataShark;
		};
/* End PBXContainerItemProxy section */

/* Begin PBXFileReference section */
		13EE241B703A811405DDA2B4 /* Pods-DataSharkUITests.debug.xcconfig */ = {isa = PBXFileReference; includeInIndex = 1; lastKnownFileType = text.xcconfig; name = "Pods-DataSharkUITests.debug.xcconfig"; path = "Pods/Target Support Files/Pods-DataSharkUITests/Pods-DataSharkUITests.debug.xcconfig"; sourceTree = "<group>"; };
		1B1D133482EBE9370A11E8D0 /* Pods_DataShark.framework */ = {isa = PBXFileReference; explicitFileType = wrapper.framework; includeInIndex = 0; path = Pods_DataShark.framework; sourceTree = BUILT_PRODUCTS_DIR; };
		383E1DC14F004680CF472C83 /* Pods_DataSharkUITests.framework */ = {isa = PBXFileReference; explicitFileType = wrapper.framework; includeInIndex = 0; path = Pods_DataSharkUITests.framework; sourceTree = BUILT_PRODUCTS_DIR; };
		4F6066F833EA41E7C97CC0EB /* Pods-DataShark.release.xcconfig */ = {isa = PBXFileReference; includeInIndex = 1; lastKnownFileType = text.xcconfig; name = "Pods-DataShark.release.xcconfig"; path = "Pods/Target Support Files/Pods-DataShark/Pods-DataShark.release.xcconfig"; sourceTree = "<group>"; };
		6F046F1B166734EDAD1DA2B4 /* Pods-DataShark.debug.xcconfig */ = {isa = PBXFileReference; includeInIndex = 1; lastKnownFileType = text.xcconfig; name = "Pods-DataShark.debug.xcconfig"; path = "Pods/Target Support Files/Pods-DataShark/Pods-DataShark.debug.xcconfig"; sourceTree = "<group>"; };
		73BBD688F8777044526A2F5B /* Pods-DataSharkTests.debug.xcconfig */ = {isa = PBXFileReference; includeInIndex = 1; lastKnownFileType = text.xcconfig; name = "Pods-DataSharkTests.debug.xcconfig"; path = "Pods/Target Support Files/Pods-DataSharkTests/Pods-DataSharkTests.debug.xcconfig"; sourceTree = "<group>"; };
		83A33AEA43C615569E59B125 /* Pods-DataSharkUITests.release.xcconfig */ = {isa = PBXFileReference; includeInIndex = 1; lastKnownFileType = text.xcconfig; name = "Pods-DataSharkUITests.release.xcconfig"; path = "Pods/Target Support Files/Pods-DataSharkUITests/Pods-DataSharkUITests.release.xcconfig"; sourceTree = "<group>"; };
		AA9A0BB094D51C02A5CE0792 /* Pods-DataSharkTests.release.xcconfig */ = {isa = PBXFileReference; includeInIndex = 1; lastKnownFileType = text.xcconfig; name = "Pods-DataSharkTests.release.xcconfig"; path = "Pods/Target Support Files/Pods-DataSharkTests/Pods-DataSharkTests.release.xcconfig"; sourceTree = "<group>"; };
		D55DC1BA8EC7BF20D306155E /* Pods_DataSharkTests.framework */ = {isa = PBXFileReference; explicitFileType = wrapper.framework; includeInIndex = 0; path = Pods_DataSharkTests.framework; sourceTree = BUILT_PRODUCTS_DIR; };
		FB01BAB11FF2EC5400F257DA /* SearchViewController.swift */ = {isa = PBXFileReference; lastKnownFileType = sourcecode.swift; path = SearchViewController.swift; sourceTree = "<group>"; };
		FB01BAB31FF2FE1200F257DA /* ServiceViewController.swift */ = {isa = PBXFileReference; lastKnownFileType = sourcecode.swift; path = ServiceViewController.swift; sourceTree = "<group>"; };
		FB0376541FF32A1E007374D1 /* AuthViewController.swift */ = {isa = PBXFileReference; lastKnownFileType = sourcecode.swift; path = AuthViewController.swift; sourceTree = "<group>"; };
		FB84B0791FEEFE7A0092131E /* DataShark.app */ = {isa = PBXFileReference; explicitFileType = wrapper.application; includeInIndex = 0; path = DataShark.app; sourceTree = BUILT_PRODUCTS_DIR; };
		FB84B07C1FEEFE7A0092131E /* AppDelegate.swift */ = {isa = PBXFileReference; lastKnownFileType = sourcecode.swift; path = AppDelegate.swift; sourceTree = "<group>"; };
		FB84B0811FEEFE7A0092131E /* Base */ = {isa = PBXFileReference; lastKnownFileType = file.storyboard; name = Base; path = Base.lproj/Main.storyboard; sourceTree = "<group>"; };
		FB84B0841FEEFE7A0092131E /* DataShark.xcdatamodel */ = {isa = PBXFileReference; lastKnownFileType = wrapper.xcdatamodel; path = DataShark.xcdatamodel; sourceTree = "<group>"; };
		FB84B0861FEEFE7A0092131E /* Assets.xcassets */ = {isa = PBXFileReference; lastKnownFileType = folder.assetcatalog; path = Assets.xcassets; sourceTree = "<group>"; };
		FB84B0891FEEFE7A0092131E /* Base */ = {isa = PBXFileReference; lastKnownFileType = file.storyboard; name = Base; path = Base.lproj/LaunchScreen.storyboard; sourceTree = "<group>"; };
		FB84B08B1FEEFE7A0092131E /* Info.plist */ = {isa = PBXFileReference; lastKnownFileType = text.plist.xml; path = Info.plist; sourceTree = "<group>"; };
		FB84B0901FEEFE7A0092131E /* DataSharkTests.xctest */ = {isa = PBXFileReference; explicitFileType = wrapper.cfbundle; includeInIndex = 0; path = DataSharkTests.xctest; sourceTree = BUILT_PRODUCTS_DIR; };
		FB84B0941FEEFE7A0092131E /* DataSharkTests.swift */ = {isa = PBXFileReference; lastKnownFileType = sourcecode.swift; path = DataSharkTests.swift; sourceTree = "<group>"; };
		FB84B0961FEEFE7A0092131E /* Info.plist */ = {isa = PBXFileReference; lastKnownFileType = text.plist.xml; path = Info.plist; sourceTree = "<group>"; };
		FB84B09B1FEEFE7A0092131E /* DataSharkUITests.xctest */ = {isa = PBXFileReference; explicitFileType = wrapper.cfbundle; includeInIndex = 0; path = DataSharkUITests.xctest; sourceTree = BUILT_PRODUCTS_DIR; };
		FB84B09F1FEEFE7A0092131E /* DataSharkUITests.swift */ = {isa = PBXFileReference; lastKnownFileType = sourcecode.swift; path = DataSharkUITests.swift; sourceTree = "<group>"; };
		FB84B0A11FEEFE7A0092131E /* Info.plist */ = {isa = PBXFileReference; lastKnownFileType = text.plist.xml; path = Info.plist; sourceTree = "<group>"; };
		FB84B0AE1FEEFF650092131E /* LocalAuthentication.framework */ = {isa = PBXFileReference; lastKnownFileType = wrapper.framework; name = LocalAuthentication.framework; path = System/Library/Frameworks/LocalAuthentication.framework; sourceTree = SDKROOT; };
		FBD941301FF05BEC00C83016 /* LoginViewController.swift */ = {isa = PBXFileReference; lastKnownFileType = sourcecode.swift; path = LoginViewController.swift; sourceTree = "<group>"; };
		FBD941321FF066E100C83016 /* RoundCorners.swift */ = {isa = PBXFileReference; lastKnownFileType = sourcecode.swift; path = RoundCorners.swift; sourceTree = "<group>"; };
		FBD941341FF081F800C83016 /* DataShark.entitlements */ = {isa = PBXFileReference; lastKnownFileType = text.plist.entitlements; path = DataShark.entitlements; sourceTree = "<group>"; };
		FBD941351FF091BF00C83016 /* MainViewController.swift */ = {isa = PBXFileReference; lastKnownFileType = sourcecode.swift; path = MainViewController.swift; sourceTree = "<group>"; };
		FBD941391FF0967F00C83016 /* Nunito-BoldItalic.ttf */ = {isa = PBXFileReference; lastKnownFileType = file; path = "Nunito-BoldItalic.ttf"; sourceTree = "<group>"; };
		FBD9413A1FF0967F00C83016 /* Nunito-BlackItalic.ttf */ = {isa = PBXFileReference; lastKnownFileType = file; path = "Nunito-BlackItalic.ttf"; sourceTree = "<group>"; };
		FBD9413B1FF0967F00C83016 /* Nunito-Bold.ttf */ = {isa = PBXFileReference; lastKnownFileType = file; path = "Nunito-Bold.ttf"; sourceTree = "<group>"; };
		FBD9413C1FF0967F00C83016 /* Nunito-SemiBoldItalic.ttf */ = {isa = PBXFileReference; lastKnownFileType = file; path = "Nunito-SemiBoldItalic.ttf"; sourceTree = "<group>"; };
		FBD9413D1FF0968000C83016 /* Nunito-Light.ttf */ = {isa = PBXFileReference; lastKnownFileType = file; path = "Nunito-Light.ttf"; sourceTree = "<group>"; };
		FBD9413E1FF0968000C83016 /* Nunito-LightItalic.ttf */ = {isa = PBXFileReference; lastKnownFileType = file; path = "Nunito-LightItalic.ttf"; sourceTree = "<group>"; };
		FBD9413F1FF0968000C83016 /* Nunito-Italic.ttf */ = {isa = PBXFileReference; lastKnownFileType = file; path = "Nunito-Italic.ttf"; sourceTree = "<group>"; };
		FBD941401FF0968000C83016 /* Nunito-Black.ttf */ = {isa = PBXFileReference; lastKnownFileType = file; path = "Nunito-Black.ttf"; sourceTree = "<group>"; };
		FBD941411FF0968000C83016 /* Nunito-SemiBold.ttf */ = {isa = PBXFileReference; lastKnownFileType = file; path = "Nunito-SemiBold.ttf"; sourceTree = "<group>"; };
		FBD941421FF0968000C83016 /* Nunito-ExtraBold.ttf */ = {isa = PBXFileReference; lastKnownFileType = file; path = "Nunito-ExtraBold.ttf"; sourceTree = "<group>"; };
		FBD941431FF0968100C83016 /* Nunito-ExtraLightItalic.ttf */ = {isa = PBXFileReference; lastKnownFileType = file; path = "Nunito-ExtraLightItalic.ttf"; sourceTree = "<group>"; };
		FBD941441FF0968100C83016 /* Nunito-Regular.ttf */ = {isa = PBXFileReference; lastKnownFileType = file; path = "Nunito-Regular.ttf"; sourceTree = "<group>"; };
		FBD941451FF0968100C83016 /* Nunito-ExtraBoldItalic.ttf */ = {isa = PBXFileReference; lastKnownFileType = file; path = "Nunito-ExtraBoldItalic.ttf"; sourceTree = "<group>"; };
		FBD941461FF0968100C83016 /* Nunito-ExtraLight.ttf */ = {isa = PBXFileReference; lastKnownFileType = file; path = "Nunito-ExtraLight.ttf"; sourceTree = "<group>"; };
/* End PBXFileReference section */

/* Begin PBXFrameworksBuildPhase section */
		FB84B0761FEEFE7A0092131E /* Frameworks */ = {
			isa = PBXFrameworksBuildPhase;
			buildActionMask = 2147483647;
			files = (
				FB84B0AF1FEEFF650092131E /* LocalAuthentication.framework in Frameworks */,
				2F59564401389A9C2AB37910 /* Pods_DataShark.framework in Frameworks */,
			);
			runOnlyForDeploymentPostprocessing = 0;
		};
		FB84B08D1FEEFE7A0092131E /* Frameworks */ = {
			isa = PBXFrameworksBuildPhase;
			buildActionMask = 2147483647;
			files = (
				179A46C161F90F95A8A2F3A9 /* Pods_DataSharkTests.framework in Frameworks */,
			);
			runOnlyForDeploymentPostprocessing = 0;
		};
		FB84B0981FEEFE7A0092131E /* Frameworks */ = {
			isa = PBXFrameworksBuildPhase;
			buildActionMask = 2147483647;
			files = (
				120B6F09B92C3437D6B4772D /* Pods_DataSharkUITests.framework in Frameworks */,
			);
			runOnlyForDeploymentPostprocessing = 0;
		};
/* End PBXFrameworksBuildPhase section */

/* Begin PBXGroup section */
		CF262700A4502C4AE2C6193B /* Pods */ = {
			isa = PBXGroup;
			children = (
				6F046F1B166734EDAD1DA2B4 /* Pods-DataShark.debug.xcconfig */,
				4F6066F833EA41E7C97CC0EB /* Pods-DataShark.release.xcconfig */,
				73BBD688F8777044526A2F5B /* Pods-DataSharkTests.debug.xcconfig */,
				AA9A0BB094D51C02A5CE0792 /* Pods-DataSharkTests.release.xcconfig */,
				13EE241B703A811405DDA2B4 /* Pods-DataSharkUITests.debug.xcconfig */,
				83A33AEA43C615569E59B125 /* Pods-DataSharkUITests.release.xcconfig */,
			);
			name = Pods;
			sourceTree = "<group>";
		};
		FB84B0701FEEFE7A0092131E = {
			isa = PBXGroup;
			children = (
				FBD941551FF096AB00C83016 /* Nunito */,
				FB84B07B1FEEFE7A0092131E /* DataShark */,
				FB84B0931FEEFE7A0092131E /* DataSharkTests */,
				FB84B09E1FEEFE7A0092131E /* DataSharkUITests */,
				FB84B07A1FEEFE7A0092131E /* Products */,
				FB84B0AD1FEEFF650092131E /* Frameworks */,
				CF262700A4502C4AE2C6193B /* Pods */,
			);
			sourceTree = "<group>";
		};
		FB84B07A1FEEFE7A0092131E /* Products */ = {
			isa = PBXGroup;
			children = (
				FB84B0791FEEFE7A0092131E /* DataShark.app */,
				FB84B0901FEEFE7A0092131E /* DataSharkTests.xctest */,
				FB84B09B1FEEFE7A0092131E /* DataSharkUITests.xctest */,
			);
			name = Products;
			sourceTree = "<group>";
		};
		FB84B07B1FEEFE7A0092131E /* DataShark */ = {
			isa = PBXGroup;
			children = (
				FBD941341FF081F800C83016 /* DataShark.entitlements */,
				FB84B07C1FEEFE7A0092131E /* AppDelegate.swift */,
				FB84B0801FEEFE7A0092131E /* Main.storyboard */,
				FB0376541FF32A1E007374D1 /* AuthViewController.swift */,
				FB01BAB31FF2FE1200F257DA /* ServiceViewController.swift */,
				FB01BAB11FF2EC5400F257DA /* SearchViewController.swift */,
				FBD941351FF091BF00C83016 /* MainViewController.swift */,
				FBD941301FF05BEC00C83016 /* LoginViewController.swift */,
				FBD941321FF066E100C83016 /* RoundCorners.swift */,
				FB84B0861FEEFE7A0092131E /* Assets.xcassets */,
				FB84B0881FEEFE7A0092131E /* LaunchScreen.storyboard */,
				FB84B08B1FEEFE7A0092131E /* Info.plist */,
				FB84B0831FEEFE7A0092131E /* DataShark.xcdatamodeld */,
			);
			path = DataShark;
			sourceTree = "<group>";
		};
		FB84B0931FEEFE7A0092131E /* DataSharkTests */ = {
			isa = PBXGroup;
			children = (
				FB84B0941FEEFE7A0092131E /* DataSharkTests.swift */,
				FB84B0961FEEFE7A0092131E /* Info.plist */,
			);
			path = DataSharkTests;
			sourceTree = "<group>";
		};
		FB84B09E1FEEFE7A0092131E /* DataSharkUITests */ = {
			isa = PBXGroup;
			children = (
				FB84B09F1FEEFE7A0092131E /* DataSharkUITests.swift */,
				FB84B0A11FEEFE7A0092131E /* Info.plist */,
			);
			path = DataSharkUITests;
			sourceTree = "<group>";
		};
		FB84B0AD1FEEFF650092131E /* Frameworks */ = {
			isa = PBXGroup;
			children = (
				FB84B0AE1FEEFF650092131E /* LocalAuthentication.framework */,
				1B1D133482EBE9370A11E8D0 /* Pods_DataShark.framework */,
				D55DC1BA8EC7BF20D306155E /* Pods_DataSharkTests.framework */,
				383E1DC14F004680CF472C83 /* Pods_DataSharkUITests.framework */,
			);
			name = Frameworks;
			sourceTree = "<group>";
		};
		FBD941551FF096AB00C83016 /* Nunito */ = {
			isa = PBXGroup;
			children = (
				FBD941441FF0968100C83016 /* Nunito-Regular.ttf */,
				FBD941411FF0968000C83016 /* Nunito-SemiBold.ttf */,
				FBD9413C1FF0967F00C83016 /* Nunito-SemiBoldItalic.ttf */,
				FBD941401FF0968000C83016 /* Nunito-Black.ttf */,
				FBD9413A1FF0967F00C83016 /* Nunito-BlackItalic.ttf */,
				FBD9413B1FF0967F00C83016 /* Nunito-Bold.ttf */,
				FBD941391FF0967F00C83016 /* Nunito-BoldItalic.ttf */,
				FBD941421FF0968000C83016 /* Nunito-ExtraBold.ttf */,
				FBD941451FF0968100C83016 /* Nunito-ExtraBoldItalic.ttf */,
				FBD941461FF0968100C83016 /* Nunito-ExtraLight.ttf */,
				FBD941431FF0968100C83016 /* Nunito-ExtraLightItalic.ttf */,
				FBD9413F1FF0968000C83016 /* Nunito-Italic.ttf */,
				FBD9413D1FF0968000C83016 /* Nunito-Light.ttf */,
				FBD9413E1FF0968000C83016 /* Nunito-LightItalic.ttf */,
			);
			path = Nunito;
			sourceTree = "<group>";
		};
/* End PBXGroup section */

/* Begin PBXNativeTarget section */
		FB84B0781FEEFE7A0092131E /* DataShark */ = {
			isa = PBXNativeTarget;
			buildConfigurationList = FB84B0A41FEEFE7A0092131E /* Build configuration list for PBXNativeTarget "DataShark" */;
			buildPhases = (
				E4672DF5BEB678F72FE4E8DA /* [CP] Check Pods Manifest.lock */,
				FB84B0751FEEFE7A0092131E /* Sources */,
				FB84B0761FEEFE7A0092131E /* Frameworks */,
				FB84B0771FEEFE7A0092131E /* Resources */,
				A574098EC830030A4944DBC4 /* [CP] Embed Pods Frameworks */,
				1844F3298B8D0DA71CDD1847 /* [CP] Copy Pods Resources */,
			);
			buildRules = (
			);
			dependencies = (
			);
			name = DataShark;
			productName = DataShark;
			productReference = FB84B0791FEEFE7A0092131E /* DataShark.app */;
			productType = "com.apple.product-type.application";
		};
		FB84B08F1FEEFE7A0092131E /* DataSharkTests */ = {
			isa = PBXNativeTarget;
			buildConfigurationList = FB84B0A71FEEFE7A0092131E /* Build configuration list for PBXNativeTarget "DataSharkTests" */;
			buildPhases = (
				1EDB0137816E11776A8FF754 /* [CP] Check Pods Manifest.lock */,
				FB84B08C1FEEFE7A0092131E /* Sources */,
				FB84B08D1FEEFE7A0092131E /* Frameworks */,
				FB84B08E1FEEFE7A0092131E /* Resources */,
				624EAE26D740399D79C6FD86 /* [CP] Embed Pods Frameworks */,
				FD7E3883EAFB47309BEBDD4F /* [CP] Copy Pods Resources */,
			);
			buildRules = (
			);
			dependencies = (
				FB84B0921FEEFE7A0092131E /* PBXTargetDependency */,
			);
			name = DataSharkTests;
			productName = DataSharkTests;
			productReference = FB84B0901FEEFE7A0092131E /* DataSharkTests.xctest */;
			productType = "com.apple.product-type.bundle.unit-test";
		};
		FB84B09A1FEEFE7A0092131E /* DataSharkUITests */ = {
			isa = PBXNativeTarget;
			buildConfigurationList = FB84B0AA1FEEFE7A0092131E /* Build configuration list for PBXNativeTarget "DataSharkUITests" */;
			buildPhases = (
				1451959848037705DC48639E /* [CP] Check Pods Manifest.lock */,
				FB84B0971FEEFE7A0092131E /* Sources */,
				FB84B0981FEEFE7A0092131E /* Frameworks */,
				FB84B0991FEEFE7A0092131E /* Resources */,
				AC07A13FD80CD20ED68A21D3 /* [CP] Embed Pods Frameworks */,
				924DA10B0EA99258A25F8077 /* [CP] Copy Pods Resources */,
			);
			buildRules = (
			);
			dependencies = (
				FB84B09D1FEEFE7A0092131E /* PBXTargetDependency */,
			);
			name = DataSharkUITests;
			productName = DataSharkUITests;
			productReference = FB84B09B1FEEFE7A0092131E /* DataSharkUITests.xctest */;
			productType = "com.apple.product-type.bundle.ui-testing";
		};
/* End PBXNativeTarget section */

/* Begin PBXProject section */
		FB84B0711FEEFE7A0092131E /* Project object */ = {
			isa = PBXProject;
			attributes = {
				LastSwiftUpdateCheck = 0920;
				LastUpgradeCheck = 0920;
				ORGANIZATIONNAME = "Gokul Swamy";
				TargetAttributes = {
					FB84B0781FEEFE7A0092131E = {
						CreatedOnToolsVersion = 9.2;
						ProvisioningStyle = Automatic;
						SystemCapabilities = {
							com.apple.Keychain = {
								enabled = 1;
							};
						};
					};
					FB84B08F1FEEFE7A0092131E = {
						CreatedOnToolsVersion = 9.2;
						ProvisioningStyle = Automatic;
						TestTargetID = FB84B0781FEEFE7A0092131E;
					};
					FB84B09A1FEEFE7A0092131E = {
						CreatedOnToolsVersion = 9.2;
						ProvisioningStyle = Automatic;
						TestTargetID = FB84B0781FEEFE7A0092131E;
					};
				};
			};
			buildConfigurationList = FB84B0741FEEFE7A0092131E /* Build configuration list for PBXProject "DataShark" */;
			compatibilityVersion = "Xcode 8.0";
			developmentRegion = en;
			hasScannedForEncodings = 0;
			knownRegions = (
				en,
				Base,
			);
			mainGroup = FB84B0701FEEFE7A0092131E;
			productRefGroup = FB84B07A1FEEFE7A0092131E /* Products */;
			projectDirPath = "";
			projectRoot = "";
			targets = (
				FB84B0781FEEFE7A0092131E /* DataShark */,
				FB84B08F1FEEFE7A0092131E /* DataSharkTests */,
				FB84B09A1FEEFE7A0092131E /* DataSharkUITests */,
			);
		};
/* End PBXProject section */

/* Begin PBXResourcesBuildPhase section */
		FB84B0771FEEFE7A0092131E /* Resources */ = {
			isa = PBXResourcesBuildPhase;
			buildActionMask = 2147483647;
			files = (
				FBD941471FF0968100C83016 /* Nunito-BoldItalic.ttf in Resources */,
				FBD941481FF0968100C83016 /* Nunito-BlackItalic.ttf in Resources */,
				FBD941491FF0968100C83016 /* Nunito-Bold.ttf in Resources */,
				FBD9414A1FF0968100C83016 /* Nunito-SemiBoldItalic.ttf in Resources */,
				FBD9414B1FF0968100C83016 /* Nunito-Light.ttf in Resources */,
				FBD9414C1FF0968100C83016 /* Nunito-LightItalic.ttf in Resources */,
				FBD9414D1FF0968100C83016 /* Nunito-Italic.ttf in Resources */,
				FBD9414E1FF0968100C83016 /* Nunito-Black.ttf in Resources */,
				FBD9414F1FF0968100C83016 /* Nunito-SemiBold.ttf in Resources */,
				FBD941501FF0968100C83016 /* Nunito-ExtraBold.ttf in Resources */,
				FBD941511FF0968100C83016 /* Nunito-ExtraLightItalic.ttf in Resources */,
				FBD941521FF0968100C83016 /* Nunito-Regular.ttf in Resources */,
				FBD941531FF0968100C83016 /* Nunito-ExtraBoldItalic.ttf in Resources */,
				FBD941541FF0968100C83016 /* Nunito-ExtraLight.ttf in Resources */,
				FB84B08A1FEEFE7A0092131E /* LaunchScreen.storyboard in Resources */,
				FB84B0871FEEFE7A0092131E /* Assets.xcassets in Resources */,
				FB84B0821FEEFE7A0092131E /* Main.storyboard in Resources */,
			);
			runOnlyForDeploymentPostprocessing = 0;
		};
		FB84B08E1FEEFE7A0092131E /* Resources */ = {
			isa = PBXResourcesBuildPhase;
			buildActionMask = 2147483647;
			files = (
			);
			runOnlyForDeploymentPostprocessing = 0;
		};
		FB84B0991FEEFE7A0092131E /* Resources */ = {
			isa = PBXResourcesBuildPhase;
			buildActionMask = 2147483647;
			files = (
			);
			runOnlyForDeploymentPostprocessing = 0;
		};
/* End PBXResourcesBuildPhase section */

/* Begin PBXShellScriptBuildPhase section */
		1451959848037705DC48639E /* [CP] Check Pods Manifest.lock */ = {
			isa = PBXShellScriptBuildPhase;
			buildActionMask = 2147483647;
			files = (
			);
			inputPaths = (
				"${PODS_PODFILE_DIR_PATH}/Podfile.lock",
				"${PODS_ROOT}/Manifest.lock",
			);
			name = "[CP] Check Pods Manifest.lock";
			outputPaths = (
				"$(DERIVED_FILE_DIR)/Pods-DataSharkUITests-checkManifestLockResult.txt",
			);
			runOnlyForDeploymentPostprocessing = 0;
			shellPath = /bin/sh;
			shellScript = "diff \"${PODS_PODFILE_DIR_PATH}/Podfile.lock\" \"${PODS_ROOT}/Manifest.lock\" > /dev/null\nif [ $? != 0 ] ; then\n    # print error to STDERR\n    echo \"error: The sandbox is not in sync with the Podfile.lock. Run 'pod install' or update your CocoaPods installation.\" >&2\n    exit 1\nfi\n# This output is used by Xcode 'outputs' to avoid re-running this script phase.\necho \"SUCCESS\" > \"${SCRIPT_OUTPUT_FILE_0}\"\n";
			showEnvVarsInLog = 0;
		};
		1844F3298B8D0DA71CDD1847 /* [CP] Copy Pods Resources */ = {
			isa = PBXShellScriptBuildPhase;
			buildActionMask = 2147483647;
			files = (
			);
			inputPaths = (
			);
			name = "[CP] Copy Pods Resources";
			outputPaths = (
			);
			runOnlyForDeploymentPostprocessing = 0;
			shellPath = /bin/sh;
			shellScript = "\"${SRCROOT}/Pods/Target Support Files/Pods-DataShark/Pods-DataShark-resources.sh\"\n";
			showEnvVarsInLog = 0;
		};
		1EDB0137816E11776A8FF754 /* [CP] Check Pods Manifest.lock */ = {
			isa = PBXShellScriptBuildPhase;
			buildActionMask = 2147483647;
			files = (
			);
			inputPaths = (
				"${PODS_PODFILE_DIR_PATH}/Podfile.lock",
				"${PODS_ROOT}/Manifest.lock",
			);
			name = "[CP] Check Pods Manifest.lock";
			outputPaths = (
				"$(DERIVED_FILE_DIR)/Pods-DataSharkTests-checkManifestLockResult.txt",
			);
			runOnlyForDeploymentPostprocessing = 0;
			shellPath = /bin/sh;
			shellScript = "diff \"${PODS_PODFILE_DIR_PATH}/Podfile.lock\" \"${PODS_ROOT}/Manifest.lock\" > /dev/null\nif [ $? != 0 ] ; then\n    # print error to STDERR\n    echo \"error: The sandbox is not in sync with the Podfile.lock. Run 'pod install' or update your CocoaPods installation.\" >&2\n    exit 1\nfi\n# This output is used by Xcode 'outputs' to avoid re-running this script phase.\necho \"SUCCESS\" > \"${SCRIPT_OUTPUT_FILE_0}\"\n";
			showEnvVarsInLog = 0;
		};
		624EAE26D740399D79C6FD86 /* [CP] Embed Pods Frameworks */ = {
			isa = PBXShellScriptBuildPhase;
			buildActionMask = 2147483647;
			files = (
			);
			inputPaths = (
			);
			name = "[CP] Embed Pods Frameworks";
			outputPaths = (
			);
			runOnlyForDeploymentPostprocessing = 0;
			shellPath = /bin/sh;
			shellScript = "\"${SRCROOT}/Pods/Target Support Files/Pods-DataSharkTests/Pods-DataSharkTests-frameworks.sh\"\n";
			showEnvVarsInLog = 0;
		};
		924DA10B0EA99258A25F8077 /* [CP] Copy Pods Resources */ = {
			isa = PBXShellScriptBuildPhase;
			buildActionMask = 2147483647;
			files = (
			);
			inputPaths = (
			);
			name = "[CP] Copy Pods Resources";
			outputPaths = (
			);
			runOnlyForDeploymentPostprocessing = 0;
			shellPath = /bin/sh;
			shellScript = "\"${SRCROOT}/Pods/Target Support Files/Pods-DataSharkUITests/Pods-DataSharkUITests-resources.sh\"\n";
			showEnvVarsInLog = 0;
		};
		A574098EC830030A4944DBC4 /* [CP] Embed Pods Frameworks */ = {
			isa = PBXShellScriptBuildPhase;
			buildActionMask = 2147483647;
			files = (
			);
			inputPaths = (
				"${SRCROOT}/Pods/Target Support Files/Pods-DataShark/Pods-DataShark-frameworks.sh",
				"${BUILT_PRODUCTS_DIR}/Charts/Charts.framework",
				"${BUILT_PRODUCTS_DIR}/Locksmith/Locksmith.framework",
				"${BUILT_PRODUCTS_DIR}/OAuthSwift/OAuthSwift.framework",
			);
			name = "[CP] Embed Pods Frameworks";
			outputPaths = (
				"${TARGET_BUILD_DIR}/${FRAMEWORKS_FOLDER_PATH}/Charts.framework",
				"${TARGET_BUILD_DIR}/${FRAMEWORKS_FOLDER_PATH}/Locksmith.framework",
				"${TARGET_BUILD_DIR}/${FRAMEWORKS_FOLDER_PATH}/OAuthSwift.framework",
			);
			runOnlyForDeploymentPostprocessing = 0;
			shellPath = /bin/sh;
			shellScript = "\"${SRCROOT}/Pods/Target Support Files/Pods-DataShark/Pods-DataShark-frameworks.sh\"\n";
			showEnvVarsInLog = 0;
		};
		AC07A13FD80CD20ED68A21D3 /* [CP] Embed Pods Frameworks */ = {
			isa = PBXShellScriptBuildPhase;
			buildActionMask = 2147483647;
			files = (
			);
			inputPaths = (
			);
			name = "[CP] Embed Pods Frameworks";
			outputPaths = (
			);
			runOnlyForDeploymentPostprocessing = 0;
			shellPath = /bin/sh;
			shellScript = "\"${SRCROOT}/Pods/Target Support Files/Pods-DataSharkUITests/Pods-DataSharkUITests-frameworks.sh\"\n";
			showEnvVarsInLog = 0;
		};
		E4672DF5BEB678F72FE4E8DA /* [CP] Check Pods Manifest.lock */ = {
			isa = PBXShellScriptBuildPhase;
			buildActionMask = 2147483647;
			files = (
			);
			inputPaths = (
				"${PODS_PODFILE_DIR_PATH}/Podfile.lock",
				"${PODS_ROOT}/Manifest.lock",
			);
			name = "[CP] Check Pods Manifest.lock";
			outputPaths = (
				"$(DERIVED_FILE_DIR)/Pods-DataShark-checkManifestLockResult.txt",
			);
			runOnlyForDeploymentPostprocessing = 0;
			shellPath = /bin/sh;
			shellScript = "diff \"${PODS_PODFILE_DIR_PATH}/Podfile.lock\" \"${PODS_ROOT}/Manifest.lock\" > /dev/null\nif [ $? != 0 ] ; then\n    # print error to STDERR\n    echo \"error: The sandbox is not in sync with the Podfile.lock. Run 'pod install' or update your CocoaPods installation.\" >&2\n    exit 1\nfi\n# This output is used by Xcode 'outputs' to avoid re-running this script phase.\necho \"SUCCESS\" > \"${SCRIPT_OUTPUT_FILE_0}\"\n";
			showEnvVarsInLog = 0;
		};
		FD7E3883EAFB47309BEBDD4F /* [CP] Copy Pods Resources */ = {
			isa = PBXShellScriptBuildPhase;
			buildActionMask = 2147483647;
			files = (
			);
			inputPaths = (
			);
			name = "[CP] Copy Pods Resources";
			outputPaths = (
			);
			runOnlyForDeploymentPostprocessing = 0;
			shellPath = /bin/sh;
			shellScript = "\"${SRCROOT}/Pods/Target Support Files/Pods-DataSharkTests/Pods-DataSharkTests-resources.sh\"\n";
			showEnvVarsInLog = 0;
		};
/* End PBXShellScriptBuildPhase section */

/* Begin PBXSourcesBuildPhase section */
		FB84B0751FEEFE7A0092131E /* Sources */ = {
			isa = PBXSourcesBuildPhase;
			buildActionMask = 2147483647;
			files = (
				FB01BAB21FF2EC5400F257DA /* SearchViewController.swift in Sources */,
				FBD941311FF05BEC00C83016 /* LoginViewController.swift in Sources */,
				FBD941331FF066E100C83016 /* RoundCorners.swift in Sources */,
				FB84B07D1FEEFE7A0092131E /* AppDelegate.swift in Sources */,
				FB0376551FF32A1E007374D1 /* AuthViewController.swift in Sources */,
				FB01BAB41FF2FE1200F257DA /* ServiceViewController.swift in Sources */,
				FB84B0851FEEFE7A0092131E /* DataShark.xcdatamodeld in Sources */,
				FBD941361FF091BF00C83016 /* MainViewController.swift in Sources */,
			);
			runOnlyForDeploymentPostprocessing = 0;
		};
		FB84B08C1FEEFE7A0092131E /* Sources */ = {
			isa = PBXSourcesBuildPhase;
			buildActionMask = 2147483647;
			files = (
				FB84B0951FEEFE7A0092131E /* DataSharkTests.swift in Sources */,
			);
			runOnlyForDeploymentPostprocessing = 0;
		};
		FB84B0971FEEFE7A0092131E /* Sources */ = {
			isa = PBXSourcesBuildPhase;
			buildActionMask = 2147483647;
			files = (
				FB84B0A01FEEFE7A0092131E /* DataSharkUITests.swift in Sources */,
			);
			runOnlyForDeploymentPostprocessing = 0;
		};
/* End PBXSourcesBuildPhase section */

/* Begin PBXTargetDependency section */
		FB84B0921FEEFE7A0092131E /* PBXTargetDependency */ = {
			isa = PBXTargetDependency;
			target = FB84B0781FEEFE7A0092131E /* DataShark */;
			targetProxy = FB84B0911FEEFE7A0092131E /* PBXContainerItemProxy */;
		};
		FB84B09D1FEEFE7A0092131E /* PBXTargetDependency */ = {
			isa = PBXTargetDependency;
			target = FB84B0781FEEFE7A0092131E /* DataShark */;
			targetProxy = FB84B09C1FEEFE7A0092131E /* PBXContainerItemProxy */;
		};
/* End PBXTargetDependency section */

/* Begin PBXVariantGroup section */
		FB84B0801FEEFE7A0092131E /* Main.storyboard */ = {
			isa = PBXVariantGroup;
			children = (
				FB84B0811FEEFE7A0092131E /* Base */,
			);
			name = Main.storyboard;
			sourceTree = "<group>";
		};
		FB84B0881FEEFE7A0092131E /* LaunchScreen.storyboard */ = {
			isa = PBXVariantGroup;
			children = (
				FB84B0891FEEFE7A0092131E /* Base */,
			);
			name = LaunchScreen.storyboard;
			sourceTree = "<group>";
		};
/* End PBXVariantGroup section */

/* Begin XCBuildConfiguration section */
		FB84B0A21FEEFE7A0092131E /* Debug */ = {
			isa = XCBuildConfiguration;
			buildSettings = {
				ALWAYS_SEARCH_USER_PATHS = NO;
				CLANG_ANALYZER_NONNULL = YES;
				CLANG_ANALYZER_NUMBER_OBJECT_CONVERSION = YES_AGGRESSIVE;
				CLANG_CXX_LANGUAGE_STANDARD = "gnu++14";
				CLANG_CXX_LIBRARY = "libc++";
				CLANG_ENABLE_MODULES = YES;
				CLANG_ENABLE_OBJC_ARC = YES;
				CLANG_WARN_BLOCK_CAPTURE_AUTORELEASING = YES;
				CLANG_WARN_BOOL_CONVERSION = YES;
				CLANG_WARN_COMMA = YES;
				CLANG_WARN_CONSTANT_CONVERSION = YES;
				CLANG_WARN_DIRECT_OBJC_ISA_USAGE = YES_ERROR;
				CLANG_WARN_DOCUMENTATION_COMMENTS = YES;
				CLANG_WARN_EMPTY_BODY = YES;
				CLANG_WARN_ENUM_CONVERSION = YES;
				CLANG_WARN_INFINITE_RECURSION = YES;
				CLANG_WARN_INT_CONVERSION = YES;
				CLANG_WARN_NON_LITERAL_NULL_CONVERSION = YES;
				CLANG_WARN_OBJC_LITERAL_CONVERSION = YES;
				CLANG_WARN_OBJC_ROOT_CLASS = YES_ERROR;
				CLANG_WARN_RANGE_LOOP_ANALYSIS = YES;
				CLANG_WARN_STRICT_PROTOTYPES = YES;
				CLANG_WARN_SUSPICIOUS_MOVE = YES;
				CLANG_WARN_UNGUARDED_AVAILABILITY = YES_AGGRESSIVE;
				CLANG_WARN_UNREACHABLE_CODE = YES;
				CLANG_WARN__DUPLICATE_METHOD_MATCH = YES;
				CODE_SIGN_IDENTITY = "iPhone Developer";
				COPY_PHASE_STRIP = NO;
				DEBUG_INFORMATION_FORMAT = dwarf;
				ENABLE_STRICT_OBJC_MSGSEND = YES;
				ENABLE_TESTABILITY = YES;
				GCC_C_LANGUAGE_STANDARD = gnu11;
				GCC_DYNAMIC_NO_PIC = NO;
				GCC_NO_COMMON_BLOCKS = YES;
				GCC_OPTIMIZATION_LEVEL = 0;
				GCC_PREPROCESSOR_DEFINITIONS = (
					"DEBUG=1",
					"$(inherited)",
				);
				GCC_WARN_64_TO_32_BIT_CONVERSION = YES;
				GCC_WARN_ABOUT_RETURN_TYPE = YES_ERROR;
				GCC_WARN_UNDECLARED_SELECTOR = YES;
				GCC_WARN_UNINITIALIZED_AUTOS = YES_AGGRESSIVE;
				GCC_WARN_UNUSED_FUNCTION = YES;
				GCC_WARN_UNUSED_VARIABLE = YES;
				IPHONEOS_DEPLOYMENT_TARGET = 11.2;
				MTL_ENABLE_DEBUG_INFO = YES;
				ONLY_ACTIVE_ARCH = YES;
				SDKROOT = iphoneos;
				SWIFT_ACTIVE_COMPILATION_CONDITIONS = DEBUG;
				SWIFT_OPTIMIZATION_LEVEL = "-Onone";
			};
			name = Debug;
		};
		FB84B0A31FEEFE7A0092131E /* Release */ = {
			isa = XCBuildConfiguration;
			buildSettings = {
				ALWAYS_SEARCH_USER_PATHS = NO;
				CLANG_ANALYZER_NONNULL = YES;
				CLANG_ANALYZER_NUMBER_OBJECT_CONVERSION = YES_AGGRESSIVE;
				CLANG_CXX_LANGUAGE_STANDARD = "gnu++14";
				CLANG_CXX_LIBRARY = "libc++";
				CLANG_ENABLE_MODULES = YES;
				CLANG_ENABLE_OBJC_ARC = YES;
				CLANG_WARN_BLOCK_CAPTURE_AUTORELEASING = YES;
				CLANG_WARN_BOOL_CONVERSION = YES;
				CLANG_WARN_COMMA = YES;
				CLANG_WARN_CONSTANT_CONVERSION = YES;
				CLANG_WARN_DIRECT_OBJC_ISA_USAGE = YES_ERROR;
				CLANG_WARN_DOCUMENTATION_COMMENTS = YES;
				CLANG_WARN_EMPTY_BODY = YES;
				CLANG_WARN_ENUM_CONVERSION = YES;
				CLANG_WARN_INFINITE_RECURSION = YES;
				CLANG_WARN_INT_CONVERSION = YES;
				CLANG_WARN_NON_LITERAL_NULL_CONVERSION = YES;
				CLANG_WARN_OBJC_LITERAL_CONVERSION = YES;
				CLANG_WARN_OBJC_ROOT_CLASS = YES_ERROR;
				CLANG_WARN_RANGE_LOOP_ANALYSIS = YES;
				CLANG_WARN_STRICT_PROTOTYPES = YES;
				CLANG_WARN_SUSPICIOUS_MOVE = YES;
				CLANG_WARN_UNGUARDED_AVAILABILITY = YES_AGGRESSIVE;
				CLANG_WARN_UNREACHABLE_CODE = YES;
				CLANG_WARN__DUPLICATE_METHOD_MATCH = YES;
				CODE_SIGN_IDENTITY = "iPhone Developer";
				COPY_PHASE_STRIP = NO;
				DEBUG_INFORMATION_FORMAT = "dwarf-with-dsym";
				ENABLE_NS_ASSERTIONS = NO;
				ENABLE_STRICT_OBJC_MSGSEND = YES;
				GCC_C_LANGUAGE_STANDARD = gnu11;
				GCC_NO_COMMON_BLOCKS = YES;
				GCC_WARN_64_TO_32_BIT_CONVERSION = YES;
				GCC_WARN_ABOUT_RETURN_TYPE = YES_ERROR;
				GCC_WARN_UNDECLARED_SELECTOR = YES;
				GCC_WARN_UNINITIALIZED_AUTOS = YES_AGGRESSIVE;
				GCC_WARN_UNUSED_FUNCTION = YES;
				GCC_WARN_UNUSED_VARIABLE = YES;
				IPHONEOS_DEPLOYMENT_TARGET = 11.2;
				MTL_ENABLE_DEBUG_INFO = NO;
				SDKROOT = iphoneos;
				SWIFT_OPTIMIZATION_LEVEL = "-Owholemodule";
				VALIDATE_PRODUCT = YES;
			};
			name = Release;
		};
		FB84B0A51FEEFE7A0092131E /* Debug */ = {
			isa = XCBuildConfiguration;
			baseConfigurationReference = 6F046F1B166734EDAD1DA2B4 /* Pods-DataShark.debug.xcconfig */;
			buildSettings = {
				ASSETCATALOG_COMPILER_APPICON_NAME = AppIcon;
				CODE_SIGN_ENTITLEMENTS = DataShark/DataShark.entitlements;
				CODE_SIGN_STYLE = Automatic;
				DEVELOPMENT_TEAM = ZVC58YN32D;
				INFOPLIST_FILE = DataShark/Info.plist;
				LD_RUNPATH_SEARCH_PATHS = "$(inherited) @executable_path/Frameworks";
				PRODUCT_BUNDLE_IDENTIFIER = me.gokulswamy.DataShark;
				PRODUCT_NAME = "$(TARGET_NAME)";
				SWIFT_VERSION = 4.0;
				TARGETED_DEVICE_FAMILY = 1;
			};
			name = Debug;
		};
		FB84B0A61FEEFE7A0092131E /* Release */ = {
			isa = XCBuildConfiguration;
			baseConfigurationReference = 4F6066F833EA41E7C97CC0EB /* Pods-DataShark.release.xcconfig */;
			buildSettings = {
				ASSETCATALOG_COMPILER_APPICON_NAME = AppIcon;
				CODE_SIGN_ENTITLEMENTS = DataShark/DataShark.entitlements;
				CODE_SIGN_STYLE = Automatic;
				DEVELOPMENT_TEAM = ZVC58YN32D;
				INFOPLIST_FILE = DataShark/Info.plist;
				LD_RUNPATH_SEARCH_PATHS = "$(inherited) @executable_path/Frameworks";
				PRODUCT_BUNDLE_IDENTIFIER = me.gokulswamy.DataShark;
				PRODUCT_NAME = "$(TARGET_NAME)";
				SWIFT_VERSION = 4.0;
				TARGETED_DEVICE_FAMILY = 1;
			};
			name = Release;
		};
		FB84B0A81FEEFE7A0092131E /* Debug */ = {
			isa = XCBuildConfiguration;
			baseConfigurationReference = 73BBD688F8777044526A2F5B /* Pods-DataSharkTests.debug.xcconfig */;
			buildSettings = {
				ALWAYS_EMBED_SWIFT_STANDARD_LIBRARIES = YES;
				BUNDLE_LOADER = "$(TEST_HOST)";
				CODE_SIGN_STYLE = Automatic;
				DEVELOPMENT_TEAM = ZVC58YN32D;
				INFOPLIST_FILE = DataSharkTests/Info.plist;
				LD_RUNPATH_SEARCH_PATHS = "$(inherited) @executable_path/Frameworks @loader_path/Frameworks";
				PRODUCT_BUNDLE_IDENTIFIER = me.gokulswamy.DataSharkTests;
				PRODUCT_NAME = "$(TARGET_NAME)";
				SWIFT_VERSION = 4.0;
				TARGETED_DEVICE_FAMILY = "1,2";
				TEST_HOST = "$(BUILT_PRODUCTS_DIR)/DataShark.app/DataShark";
			};
			name = Debug;
		};
		FB84B0A91FEEFE7A0092131E /* Release */ = {
			isa = XCBuildConfiguration;
			baseConfigurationReference = AA9A0BB094D51C02A5CE0792 /* Pods-DataSharkTests.release.xcconfig */;
			buildSettings = {
				ALWAYS_EMBED_SWIFT_STANDARD_LIBRARIES = YES;
				BUNDLE_LOADER = "$(TEST_HOST)";
				CODE_SIGN_STYLE = Automatic;
				DEVELOPMENT_TEAM = ZVC58YN32D;
				INFOPLIST_FILE = DataSharkTests/Info.plist;
				LD_RUNPATH_SEARCH_PATHS = "$(inherited) @executable_path/Frameworks @loader_path/Frameworks";
				PRODUCT_BUNDLE_IDENTIFIER = me.gokulswamy.DataSharkTests;
				PRODUCT_NAME = "$(TARGET_NAME)";
				SWIFT_VERSION = 4.0;
				TARGETED_DEVICE_FAMILY = "1,2";
				TEST_HOST = "$(BUILT_PRODUCTS_DIR)/DataShark.app/DataShark";
			};
			name = Release;
		};
		FB84B0AB1FEEFE7A0092131E /* Debug */ = {
			isa = XCBuildConfiguration;
			baseConfigurationReference = 13EE241B703A811405DDA2B4 /* Pods-DataSharkUITests.debug.xcconfig */;
			buildSettings = {
				ALWAYS_EMBED_SWIFT_STANDARD_LIBRARIES = YES;
				CODE_SIGN_STYLE = Automatic;
				DEVELOPMENT_TEAM = ZVC58YN32D;
				INFOPLIST_FILE = DataSharkUITests/Info.plist;
				LD_RUNPATH_SEARCH_PATHS = "$(inherited) @executable_path/Frameworks @loader_path/Frameworks";
				PRODUCT_BUNDLE_IDENTIFIER = me.gokulswamy.DataSharkUITests;
				PRODUCT_NAME = "$(TARGET_NAME)";
				SWIFT_VERSION = 4.0;
				TARGETED_DEVICE_FAMILY = "1,2";
				TEST_TARGET_NAME = DataShark;
			};
			name = Debug;
		};
		FB84B0AC1FEEFE7A0092131E /* Release */ = {
			isa = XCBuildConfiguration;
			baseConfigurationReference = 83A33AEA43C615569E59B125 /* Pods-DataSharkUITests.release.xcconfig */;
			buildSettings = {
				ALWAYS_EMBED_SWIFT_STANDARD_LIBRARIES = YES;
				CODE_SIGN_STYLE = Automatic;
				DEVELOPMENT_TEAM = ZVC58YN32D;
				INFOPLIST_FILE = DataSharkUITests/Info.plist;
				LD_RUNPATH_SEARCH_PATHS = "$(inherited) @executable_path/Frameworks @loader_path/Frameworks";
				PRODUCT_BUNDLE_IDENTIFIER = me.gokulswamy.DataSharkUITests;
				PRODUCT_NAME = "$(TARGET_NAME)";
				SWIFT_VERSION = 4.0;
				TARGETED_DEVICE_FAMILY = "1,2";
				TEST_TARGET_NAME = DataShark;
			};
			name = Release;
		};
/* End XCBuildConfiguration section */

/* Begin XCConfigurationList section */
		FB84B0741FEEFE7A0092131E /* Build configuration list for PBXProject "DataShark" */ = {
			isa = XCConfigurationList;
			buildConfigurations = (
				FB84B0A21FEEFE7A0092131E /* Debug */,
				FB84B0A31FEEFE7A0092131E /* Release */,
			);
			defaultConfigurationIsVisible = 0;
			defaultConfigurationName = Release;
		};
		FB84B0A41FEEFE7A0092131E /* Build configuration list for PBXNativeTarget "DataShark" */ = {
			isa = XCConfigurationList;
			buildConfigurations = (
				FB84B0A51FEEFE7A0092131E /* Debug */,
				FB84B0A61FEEFE7A0092131E /* Release */,
			);
			defaultConfigurationIsVisible = 0;
			defaultConfigurationName = Release;
		};
		FB84B0A71FEEFE7A0092131E /* Build configuration list for PBXNativeTarget "DataSharkTests" */ = {
			isa = XCConfigurationList;
			buildConfigurations = (
				FB84B0A81FEEFE7A0092131E /* Debug */,
				FB84B0A91FEEFE7A0092131E /* Release */,
			);
			defaultConfigurationIsVisible = 0;
			defaultConfigurationName = Release;
		};
		FB84B0AA1FEEFE7A0092131E /* Build configuration list for PBXNativeTarget "DataSharkUITests" */ = {
			isa = XCConfigurationList;
			buildConfigurations = (
				FB84B0AB1FEEFE7A0092131E /* Debug */,
				FB84B0AC1FEEFE7A0092131E /* Release */,
			);
			defaultConfigurationIsVisible = 0;
			defaultConfigurationName = Release;
		};
/* End XCConfigurationList section */

/* Begin XCVersionGroup section */
		FB84B0831FEEFE7A0092131E /* DataShark.xcdatamodeld */ = {
			isa = XCVersionGroup;
			children = (
				FB84B0841FEEFE7A0092131E /* DataShark.xcdatamodel */,
			);
			currentVersion = FB84B0841FEEFE7A0092131E /* DataShark.xcdatamodel */;
			path = DataShark.xcdatamodeld;
			sourceTree = "<group>";
			versionGroupType = wrapper.xcdatamodel;
		};
/* End XCVersionGroup section */
	};
	rootObject = FB84B0711FEEFE7A0092131E /* Project object */;
}
