{
  "requires": true,
  "lockfileVersion": 1,
  "dependencies": {
    "@tensorflow/tfjs": {
      "version": "0.6.1",
      "resolved": "https://registry.npmjs.org/@tensorflow/tfjs/-/tfjs-0.6.1.tgz",
      "integrity": "sha512-8AOA7NuCs+K6uesYUpR1UGyXgTxqxumObGVlEcwLaFswnfIgK3zwZQ5Aqme7PPtoOdRtQ0VjvhwMFB+ZGAr3Yw==",
      "requires": {
        "@tensorflow/tfjs-core": "0.6.0",
        "@tensorflow/tfjs-layers": "0.1.2"
      }
    },
    "@tensorflow/tfjs-core": {
      "version": "0.6.0",
      "resolved": "https://registry.npmjs.org/@tensorflow/tfjs-core/-/tfjs-core-0.6.0.tgz",
      "integrity": "sha512-VFjI/d/dXwt3fzrrky9pbp4RebUx8gWzcXPP+gurbMIgsHCuuSWB4C7DO0ACJPN9bTWnGdRVJbhJPnhKspQacQ==",
      "requires": {
        "seedrandom": "2.4.3"
      }
    },
    "@tensorflow/tfjs-layers": {
      "version": "0.1.2",
      "resolved": "https://registry.npmjs.org/@tensorflow/tfjs-layers/-/tfjs-layers-0.1.2.tgz",
      "integrity": "sha512-eWGgMa0ofwTUj2oDGawWRzmnGHfMp5kIiEaB07AZy++IPT+Atqrk0pgg1TdaJm2Wf1ne2pcirNsjzwMlVhe1Iw==",
      "requires": {
        "underscore": "1.8.3"
      }
    },
    "seedrandom": {
      "version": "2.4.3",
      "resolved": "https://registry.npmjs.org/seedrandom/-/seedrandom-2.4.3.tgz",
      "integrity": "sha1-JDhQTa0zkXMUv/GKxNeU8W1qrsw="
    },
    "underscore": {
      "version": "1.8.3",
      "resolved": "https://registry.npmjs.org/underscore/-/underscore-1.8.3.tgz",
      "integrity": "sha1-Tz+1OxBuYJf8+ctBCfKl6b36UCI="
    }
  }
}
